
Microsoft Visual Studio Solution File, Format Version 12.00
# Visual Studio Version 17
VisualStudioVersion = 17.1.32407.343
MinimumVisualStudioVersion = 10.0.40219.1
Project("{9A19103F-16F7-4668-BE54-9A1E7A4F7556}") = "HomeJok.Api", "HomeJok.Api\HomeJok.Api.csproj", "{ACF14C37-8A6F-42D9-AD22-F14EF877A94F}"
EndProject
Project("{9A19103F-16F7-4668-BE54-9A1E7A4F7556}") = "HomeJok.Model", "HomeJok.Model\HomeJok.Model.csproj", "{05F972C1-07F8-447A-B99C-C7E20676EDB2}"
EndProject
Project("{9A19103F-16F7-4668-BE54-9A1E7A4F7556}") = "HomeJok.Services", "HomeJok.Services\HomeJok.Services.csproj", "{95663A08-6983-47C2-927F-6EECAD1FF184}"
EndProject
Project("{9A19103F-16F7-4668-BE54-9A1E7A4F7556}") = "HomeJok.IServices", "HomeJok.IServices\HomeJok.IServices.csproj", "{A00A1B2A-C4DA-401E-A396-2F7D343136C2}"
EndProject
Project("{9A19103F-16F7-4668-BE54-9A1E7A4F7556}") = "HomeJok.Repository", "HomeJok.Repository\HomeJok.Repository.csproj", "{E19305DC-77C2-4E08-B22B-32E052736DF1}"
EndProject
Project("{9A19103F-16F7-4668-BE54-9A1E7A4F7556}") = "HomeJok.Authentication", "HomeJok.Authentication\HomeJok.Authentication.csproj", "{4475255D-E14A-4239-9F41-B81684CDD91E}"
EndProject
Project("{9A19103F-16F7-4668-BE54-9A1E7A4F7556}") = "HomeJok.Mvc", "..\mvc\HomeJok.Mvc\HomeJok.Mvc.csproj", "{9EE7E76D-3110-445A-966E-94F276E8E324}"
EndProject
Global
	GlobalSection(SolutionConfigurationPlatforms) = preSolution
		Debug|Any CPU = Debug|Any CPU
		Release|Any CPU = Release|Any CPU
	EndGlobalSection
	GlobalSection(ProjectConfigurationPlatforms) = postSolution
		{ACF14C37-8A6F-42D9-AD22-F14EF877A94F}.Debug|Any CPU.ActiveCfg = Debug|Any CPU
		{ACF14C37-8A6F-42D9-AD22-F14EF877A94F}.Debug|Any CPU.Build.0 = Debug|Any CPU
		{ACF14C37-8A6F-42D9-AD22-F14EF877A94F}.Release|Any CPU.ActiveCfg = Release|Any CPU
		{ACF14C37-8A6F-42D9-AD22-F14EF877A94F}.Release|Any CPU.Build.0 = Release|Any CPU
		{05F972C1-07F8-447A-B99C-C7E20676EDB2}.Debug|Any CPU.ActiveCfg = Debug|Any CPU
		{05F972C1-07F8-447A-B99C-C7E20676EDB2}.Debug|Any CPU.Build.0 = Debug|Any CPU
		{05F972C1-07F8-447A-B99C-C7E20676EDB2}.Release|Any CPU.ActiveCfg = Release|Any CPU
		{05F972C1-07F8-447A-B99C-C7E20676EDB2}.Release|Any CPU.Build.0 = Release|Any CPU
		{95663A08-6983-47C2-927F-6EECAD1FF184}.Debug|Any CPU.ActiveCfg = Debug|Any CPU
		{95663A08-6983-47C2-927F-6EECAD1FF184}.Debug|Any CPU.Build.0 = Debug|Any CPU
		{95663A08-6983-47C2-927F-6EECAD1FF184}.Release|Any CPU.ActiveCfg = Release|Any CPU
		{95663A08-6983-47C2-927F-6EECAD1FF184}.Release|Any CPU.Build.0 = Release|Any CPU
		{A00A1B2A-C4DA-401E-A396-2F7D343136C2}.Debug|Any CPU.ActiveCfg = Debug|Any CPU
		{A00A1B2A-C4DA-401E-A396-2F7D343136C2}.Debug|Any CPU.Build.0 = Debug|Any CPU
		{A00A1B2A-C4DA-401E-A396-2F7D343136C2}.Release|Any CPU.ActiveCfg = Release|Any CPU
		{A00A1B2A-C4DA-401E-A396-2F7D343136C2}.Release|Any CPU.Build.0 = Release|Any CPU
		{E19305DC-77C2-4E08-B22B-32E052736DF1}.Debug|Any CPU.ActiveCfg = Debug|Any CPU
		{E19305DC-77C2-4E08-B22B-32E052736DF1}.Debug|Any CPU.Build.0 = Debug|Any CPU
		{E19305DC-77C2-4E08-B22B-32E052736DF1}.Release|Any CPU.ActiveCfg = Release|Any CPU
		{E19305DC-77C2-4E08-B22B-32E052736DF1}.Release|Any CPU.Build.0 = Release|Any CPU
		{4475255D-E14A-4239-9F41-B81684CDD91E}.Debug|Any CPU.ActiveCfg = Debug|Any CPU
		{4475255D-E14A-4239-9F41-B81684CDD91E}.Debug|Any CPU.Build.0 = Debug|Any CPU
		{4475255D-E14A-4239-9F41-B81684CDD91E}.Release|Any CPU.ActiveCfg = Release|Any CPU
		{4475255D-E14A-4239-9F41-B81684CDD91E}.Release|Any CPU.Build.0 = Release|Any CPU
		{9EE7E76D-3110-445A-966E-94F276E8E324}.Debug|Any CPU.ActiveCfg = Debug|Any CPU
		{9EE7E76D-3110-445A-966E-94F276E8E324}.Debug|Any CPU.Build.0 = Debug|Any CPU
		{9EE7E76D-3110-445A-966E-94F276E8E324}.Release|Any CPU.ActiveCfg = Release|Any CPU
		{9EE7E76D-3110-445A-966E-94F276E8E324}.Release|Any CPU.Build.0 = Release|Any CPU
	EndGlobalSection
	GlobalSection(SolutionProperties) = preSolution
		HideSolutionNode = FALSE
	EndGlobalSection
	GlobalSection(ExtensibilityGlobals) = postSolution
		SolutionGuid = {01023D8E-618D-41FA-9E77-2C80BA942EFF}
	EndGlobalSection
EndGlobal
